
Microsoft Visual Studio Solution File, Format Version 12.00
# Visual Studio Version 16
VisualStudioVersion = 16.0.31313.79
MinimumVisualStudioVersion = 10.0.40219.1
Project("{8BC9CEB8-8B4A-11D0-8D11-00A0C91BC942}") = "StarClient", "StarClient.vcxproj", "{5BBB6D2F-C605-445A-B8A8-7CCE5350C3C4}"
EndProject
Global
	GlobalSection(SolutionConfigurationPlatforms) = preSolution
		Debug|x64 = Debug|x64
		Debug|x86 = Debug|x86
		Release|x64 = Release|x64
		Release|x86 = Release|x86
	EndGlobalSection
	GlobalSection(ProjectConfigurationPlatforms) = postSolution
		{5BBB6D2F-C605-445A-B8A8-7CCE5350C3C4}.Debug|x64.ActiveCfg = Debug|x64
		{5BBB6D2F-C605-445A-B8A8-7CCE5350C3C4}.Debug|x64.Build.0 = Debug|x64
		{5BBB6D2F-C605-445A-B8A8-7CCE5350C3C4}.Debug|x86.ActiveCfg = Debug|Win32
		{5BBB6D2F-C605-445A-B8A8-7CCE5350C3C4}.Debug|x86.Build.0 = Debug|Win32
		{5BBB6D2F-C605-445A-B8A8-7CCE5350C3C4}.Release|x64.ActiveCfg = Release|x64
		{5BBB6D2F-C605-445A-B8A8-7CCE5350C3C4}.Release|x64.Build.0 = Release|x64
		{5BBB6D2F-C605-445A-B8A8-7CCE5350C3C4}.Release|x86.ActiveCfg = Release|Win32
		{5BBB6D2F-C605-445A-B8A8-7CCE5350C3C4}.Release|x86.Build.0 = Release|Win32
	EndGlobalSection
	GlobalSection(SolutionProperties) = preSolution
		HideSolutionNode = FALSE
	EndGlobalSection
	GlobalSection(ExtensibilityGlobals) = postSolution
		SolutionGuid = {7A21C3A3-681A-47D2-A040-5609E7C9285D}
	EndGlobalSection
EndGlobal
