
Microsoft Visual Studio Solution File, Format Version 12.00
# Visual Studio Version 16
VisualStudioVersion = 16.0.31105.61
MinimumVisualStudioVersion = 10.0.40219.1
Project("{8BC9CEB8-8B4A-11D0-8D11-00A0C91BC942}") = "DuplicateHandleChild", "DuplicateHandleChild.vcxproj", "{4078C142-0975-4D73-B40F-12BA79F8DA96}"
EndProject
Global
	GlobalSection(SolutionConfigurationPlatforms) = preSolution
		Debug|x64 = Debug|x64
		Debug|x86 = Debug|x86
		Release|x64 = Release|x64
		Release|x86 = Release|x86
	EndGlobalSection
	GlobalSection(ProjectConfigurationPlatforms) = postSolution
		{4078C142-0975-4D73-B40F-12BA79F8DA96}.Debug|x64.ActiveCfg = Debug|x64
		{4078C142-0975-4D73-B40F-12BA79F8DA96}.Debug|x64.Build.0 = Debug|x64
		{4078C142-0975-4D73-B40F-12BA79F8DA96}.Debug|x86.ActiveCfg = Debug|Win32
		{4078C142-0975-4D73-B40F-12BA79F8DA96}.Debug|x86.Build.0 = Debug|Win32
		{4078C142-0975-4D73-B40F-12BA79F8DA96}.Release|x64.ActiveCfg = Release|x64
		{4078C142-0975-4D73-B40F-12BA79F8DA96}.Release|x64.Build.0 = Release|x64
		{4078C142-0975-4D73-B40F-12BA79F8DA96}.Release|x86.ActiveCfg = Release|Win32
		{4078C142-0975-4D73-B40F-12BA79F8DA96}.Release|x86.Build.0 = Release|Win32
	EndGlobalSection
	GlobalSection(SolutionProperties) = preSolution
		HideSolutionNode = FALSE
	EndGlobalSection
	GlobalSection(ExtensibilityGlobals) = postSolution
		SolutionGuid = {95DE6B02-B9E7-4222-8FF9-CCB2224DA8A6}
	EndGlobalSection
EndGlobal
